
Microsoft Visual Studio Solution File, Format Version 12.00
# Visual Studio 2012
Project("{FAE04EC0-301F-11D3-BF4B-00C04F79EFBC}") = "Bruna.Danilo.Testers.Api", "Bruna.Danilo.Testers.Api\Bruna.Danilo.Testers.Api.csproj", "{96D40E5F-010B-446B-8E86-78AA7E0595A0}"
EndProject
Project("{FAE04EC0-301F-11D3-BF4B-00C04F79EFBC}") = "Bruna.Danilo.Testers.Test", "Bruna.Danilo.Testers.Test\Bruna.Danilo.Testers.Test.csproj", "{120398A3-CEB5-470C-93EF-C5729F5FD115}"
EndProject
Project("{FAE04EC0-301F-11D3-BF4B-00C04F79EFBC}") = "Bruna.Danilo.Testers.Logs", "Bruna.Danilo.Testers.Logs\Bruna.Danilo.Testers.Logs.csproj", "{85F47A7F-3BB5-464F-ACF3-9C59F1D0D362}"
EndProject
Project("{FAE04EC0-301F-11D3-BF4B-00C04F79EFBC}") = "Bruna.Danilo.Testers.Database", "Bruna.Danilo.Database\Bruna.Danilo.Testers.Database.csproj", "{F54798EE-8960-4C3A-BCF2-742B4235F6DA}"
EndProject
Project("{FAE04EC0-301F-11D3-BF4B-00C04F79EFBC}") = "Bruna.Danilo.Testers.Settings", "Bruna.Danilo.Testers.Settings\Bruna.Danilo.Testers.Settings.csproj", "{28C82600-9ADD-4E7A-8E77-DC9CE33ED3EF}"
EndProject
Project("{FAE04EC0-301F-11D3-BF4B-00C04F79EFBC}") = "Bruna.Danilo.Testers.Models", "Bruna.Danilo.Testers.Models\Bruna.Danilo.Testers.Models.csproj", "{05585C2E-2687-4188-B10E-8A10F2E34249}"
EndProject
Global
	GlobalSection(SolutionConfigurationPlatforms) = preSolution
		Debug|Any CPU = Debug|Any CPU
		Release|Any CPU = Release|Any CPU
	EndGlobalSection
	GlobalSection(ProjectConfigurationPlatforms) = postSolution
		{96D40E5F-010B-446B-8E86-78AA7E0595A0}.Debug|Any CPU.ActiveCfg = Debug|Any CPU
		{96D40E5F-010B-446B-8E86-78AA7E0595A0}.Debug|Any CPU.Build.0 = Debug|Any CPU
		{96D40E5F-010B-446B-8E86-78AA7E0595A0}.Release|Any CPU.ActiveCfg = Release|Any CPU
		{96D40E5F-010B-446B-8E86-78AA7E0595A0}.Release|Any CPU.Build.0 = Release|Any CPU
		{120398A3-CEB5-470C-93EF-C5729F5FD115}.Debug|Any CPU.ActiveCfg = Debug|Any CPU
		{120398A3-CEB5-470C-93EF-C5729F5FD115}.Debug|Any CPU.Build.0 = Debug|Any CPU
		{120398A3-CEB5-470C-93EF-C5729F5FD115}.Release|Any CPU.ActiveCfg = Release|Any CPU
		{120398A3-CEB5-470C-93EF-C5729F5FD115}.Release|Any CPU.Build.0 = Release|Any CPU
		{85F47A7F-3BB5-464F-ACF3-9C59F1D0D362}.Debug|Any CPU.ActiveCfg = Debug|Any CPU
		{85F47A7F-3BB5-464F-ACF3-9C59F1D0D362}.Debug|Any CPU.Build.0 = Debug|Any CPU
		{85F47A7F-3BB5-464F-ACF3-9C59F1D0D362}.Release|Any CPU.ActiveCfg = Release|Any CPU
		{85F47A7F-3BB5-464F-ACF3-9C59F1D0D362}.Release|Any CPU.Build.0 = Release|Any CPU
		{F54798EE-8960-4C3A-BCF2-742B4235F6DA}.Debug|Any CPU.ActiveCfg = Debug|Any CPU
		{F54798EE-8960-4C3A-BCF2-742B4235F6DA}.Debug|Any CPU.Build.0 = Debug|Any CPU
		{F54798EE-8960-4C3A-BCF2-742B4235F6DA}.Release|Any CPU.ActiveCfg = Release|Any CPU
		{F54798EE-8960-4C3A-BCF2-742B4235F6DA}.Release|Any CPU.Build.0 = Release|Any CPU
		{28C82600-9ADD-4E7A-8E77-DC9CE33ED3EF}.Debug|Any CPU.ActiveCfg = Debug|Any CPU
		{28C82600-9ADD-4E7A-8E77-DC9CE33ED3EF}.Debug|Any CPU.Build.0 = Debug|Any CPU
		{28C82600-9ADD-4E7A-8E77-DC9CE33ED3EF}.Release|Any CPU.ActiveCfg = Release|Any CPU
		{28C82600-9ADD-4E7A-8E77-DC9CE33ED3EF}.Release|Any CPU.Build.0 = Release|Any CPU
		{05585C2E-2687-4188-B10E-8A10F2E34249}.Debug|Any CPU.ActiveCfg = Debug|Any CPU
		{05585C2E-2687-4188-B10E-8A10F2E34249}.Debug|Any CPU.Build.0 = Debug|Any CPU
		{05585C2E-2687-4188-B10E-8A10F2E34249}.Release|Any CPU.ActiveCfg = Release|Any CPU
		{05585C2E-2687-4188-B10E-8A10F2E34249}.Release|Any CPU.Build.0 = Release|Any CPU
	EndGlobalSection
EndGlobal
